# This file is automatically @generated by Cargo.
# It is not intended for manual editing.
version = 3

[[package]]
name = "gir-parser"
version = "0.1.1"
dependencies = [
 "serde",
 "xmlserde",
 "xmlserde_derives",
]

[[package]]
name = "memchr"
version = "2.7.4"
source = "registry+https://github.com/rust-lang/crates.io-index"
checksum = "78ca9ab1a0babb1e7d5695e3530886289c18cf2f87ec19a575a0abdce112e3a3"

[[package]]
name = "proc-macro2"
version = "1.0.86"
source = "registry+https://github.com/rust-lang/crates.io-index"
checksum = "5e719e8df665df0d1c8fbfd238015744736151d4445ec0836b8e628aae103b77"
dependencies = [
 "unicode-ident",
]

[[package]]
name = "quick-xml"
version = "0.37.1"
source = "registry+https://github.com/rust-lang/crates.io-index"
checksum = "f22f29bdff3987b4d8632ef95fd6424ec7e4e0a57e2f4fc63e489e75357f6a03"
dependencies = [
 "memchr",
 "serde",
]

[[package]]
name = "quote"
version = "1.0.36"
source = "registry+https://github.com/rust-lang/crates.io-index"
checksum = "0fa76aaf39101c457836aec0ce2316dbdc3ab723cdda1c6bd4e6ad4208acaca7"
dependencies = [
 "proc-macro2",
]

[[package]]
name = "serde"
version = "1.0.216"
source = "registry+https://github.com/rust-lang/crates.io-index"
checksum = "0b9781016e935a97e8beecf0c933758c97a5520d32930e460142b4cd80c6338e"
dependencies = [
 "serde_derive",
]

[[package]]
name = "serde_derive"
version = "1.0.216"
source = "registry+https://github.com/rust-lang/crates.io-index"
checksum = "46f859dbbf73865c6627ed570e78961cd3ac92407a2d117204c49232485da55e"
dependencies = [
 "proc-macro2",
 "quote",
 "syn",
]

[[package]]
name = "syn"
version = "2.0.85"
source = "registry+https://github.com/rust-lang/crates.io-index"
checksum = "5023162dfcd14ef8f32034d8bcd4cc5ddc61ef7a247c024a33e24e1f24d21b56"
dependencies = [
 "proc-macro2",
 "quote",
 "unicode-ident",
]

[[package]]
name = "unicode-ident"
version = "1.0.12"
source = "registry+https://github.com/rust-lang/crates.io-index"
checksum = "3354b9ac3fae1ff6755cb6db53683adb661634f67557942dea4facebec0fee4b"

[[package]]
name = "xmlserde"
version = "0.10.2"
source = "registry+https://github.com/rust-lang/crates.io-index"
checksum = "b4e03afadb8b334c9403789a7077ea4239b3aab6a8afb4bb05e91d90da680a9e"
dependencies = [
 "quick-xml",
]

[[package]]
name = "xmlserde_derives"
version = "0.10.2"
source = "registry+https://github.com/rust-lang/crates.io-index"
checksum = "7ac4847350140b85fb4d52e7a51af13cf6328a47c9dde02c6af402a86a91c9b9"
dependencies = [
 "proc-macro2",
 "quote",
 "syn",
]
